
Microsoft Visual Studio Solution File, Format Version 12.00
# Visual Studio 15
VisualStudioVersion = 15.0.27004.2006
MinimumVisualStudioVersion = 10.0.40219.1
Project("{FAE04EC0-301F-11D3-BF4B-00C04F79EFBC}") = "File Read Example", "File Read Example\File Read Example.csproj", "{7063F6C8-E538-45BC-B60D-FF00F98B6224}"
EndProject
Global
	GlobalSection(SolutionConfigurationPlatforms) = preSolution
		Debug|Any CPU = Debug|Any CPU
		Release|Any CPU = Release|Any CPU
	EndGlobalSection
	GlobalSection(ProjectConfigurationPlatforms) = postSolution
		{7063F6C8-E538-45BC-B60D-FF00F98B6224}.Debug|Any CPU.ActiveCfg = Debug|Any CPU
		{7063F6C8-E538-45BC-B60D-FF00F98B6224}.Debug|Any CPU.Build.0 = Debug|Any CPU
		{7063F6C8-E538-45BC-B60D-FF00F98B6224}.Release|Any CPU.ActiveCfg = Release|Any CPU
		{7063F6C8-E538-45BC-B60D-FF00F98B6224}.Release|Any CPU.Build.0 = Release|Any CPU
	EndGlobalSection
	GlobalSection(SolutionProperties) = preSolution
		HideSolutionNode = FALSE
	EndGlobalSection
	GlobalSection(ExtensibilityGlobals) = postSolution
		SolutionGuid = {E189CD9A-DC91-41ED-8BB6-0A847DEE6254}
	EndGlobalSection
EndGlobal
